
Microsoft Visual Studio Solution File, Format Version 12.00
# Visual Studio Version 17
VisualStudioVersion = 17.9.34616.47
MinimumVisualStudioVersion = 10.0.40219.1
Project("{FAE04EC0-301F-11D3-BF4B-00C04F79EFBC}") = "wajihac#project", "wajihac#project.csproj", "{DC7F1205-20DD-478D-BB54-B20AAD5AAEC1}"
EndProject
Global
	GlobalSection(SolutionConfigurationPlatforms) = preSolution
		Debug|Any CPU = Debug|Any CPU
		Release|Any CPU = Release|Any CPU
	EndGlobalSection
	GlobalSection(ProjectConfigurationPlatforms) = postSolution
		{DC7F1205-20DD-478D-BB54-B20AAD5AAEC1}.Debug|Any CPU.ActiveCfg = Debug|Any CPU
		{DC7F1205-20DD-478D-BB54-B20AAD5AAEC1}.Debug|Any CPU.Build.0 = Debug|Any CPU
		{DC7F1205-20DD-478D-BB54-B20AAD5AAEC1}.Release|Any CPU.ActiveCfg = Release|Any CPU
		{DC7F1205-20DD-478D-BB54-B20AAD5AAEC1}.Release|Any CPU.Build.0 = Release|Any CPU
	EndGlobalSection
	GlobalSection(SolutionProperties) = preSolution
		HideSolutionNode = FALSE
	EndGlobalSection
	GlobalSection(ExtensibilityGlobals) = postSolution
		SolutionGuid = {2F003552-9FDD-4331-A94E-FA4661147282}
	EndGlobalSection
EndGlobal
